// !$*UTF8*$!
{
	archiveVersion = 1;
	classes = {
	};
	objectVersion = 55;
	objects = {

/* Begin PBXBuildFile section */
		AA73967A27031DCD00BFFC1C /* LandmarksApp.swift in Sources */ = {isa = PBXBuildFile; fileRef = AA73967927031DCD00BFFC1C /* LandmarksApp.swift */; };
		AA73967C27031DCD00BFFC1C /* ContentView.swift in Sources */ = {isa = PBXBuildFile; fileRef = AA73967B27031DCD00BFFC1C /* ContentView.swift */; };
		AA73967E27031DCE00BFFC1C /* Assets.xcassets in Resources */ = {isa = PBXBuildFile; fileRef = AA73967D27031DCE00BFFC1C /* Assets.xcassets */; };
		AA73968127031DCE00BFFC1C /* Preview Assets.xcassets in Resources */ = {isa = PBXBuildFile; fileRef = AA73968027031DCE00BFFC1C /* Preview Assets.xcassets */; };
		AA7396882703233B00BFFC1C /* CircleImage.swift in Sources */ = {isa = PBXBuildFile; fileRef = AA7396872703233B00BFFC1C /* CircleImage.swift */; };
		AA73968A2703248500BFFC1C /* MapView.swift in Sources */ = {isa = PBXBuildFile; fileRef = AA7396892703248500BFFC1C /* MapView.swift */; };
		AA73968C27032E7000BFFC1C /* landmarkData.json in Resources */ = {isa = PBXBuildFile; fileRef = AA73968B27032E7000BFFC1C /* landmarkData.json */; };
		AA73968E27032EA700BFFC1C /* Landmark.swift in Sources */ = {isa = PBXBuildFile; fileRef = AA73968D27032EA700BFFC1C /* Landmark.swift */; };
		AA739690270330A000BFFC1C /* ModelData.swift in Sources */ = {isa = PBXBuildFile; fileRef = AA73968F270330A000BFFC1C /* ModelData.swift */; };
		AA739695270346C700BFFC1C /* LandmarkRow.swift in Sources */ = {isa = PBXBuildFile; fileRef = AA739694270346C700BFFC1C /* LandmarkRow.swift */; };
		AA739697270349E100BFFC1C /* LandmarkList.swift in Sources */ = {isa = PBXBuildFile; fileRef = AA739696270349E100BFFC1C /* LandmarkList.swift */; };
		AA73969927034C6900BFFC1C /* LandmarkDetail.swift in Sources */ = {isa = PBXBuildFile; fileRef = AA73969827034C6900BFFC1C /* LandmarkDetail.swift */; };
		AA73969B270419F400BFFC1C /* FavoriteButton.swift in Sources */ = {isa = PBXBuildFile; fileRef = AA73969A270419F400BFFC1C /* FavoriteButton.swift */; };
		AA73969F2704590C00BFFC1C /* HexagonParameters.swift in Sources */ = {isa = PBXBuildFile; fileRef = AA73969E2704590C00BFFC1C /* HexagonParameters.swift */; };
		AA7396A127045B4B00BFFC1C /* BadgeBackground.swift in Sources */ = {isa = PBXBuildFile; fileRef = AA7396A027045B4B00BFFC1C /* BadgeBackground.swift */; };
		AA7396A3270461C300BFFC1C /* BadgeSymbol.swift in Sources */ = {isa = PBXBuildFile; fileRef = AA7396A2270461C300BFFC1C /* BadgeSymbol.swift */; };
		AA7396A72704626A00BFFC1C /* RotatedBadgeSymbol.swift in Sources */ = {isa = PBXBuildFile; fileRef = AA7396A62704626A00BFFC1C /* RotatedBadgeSymbol.swift */; };
		AA7396A9270462DB00BFFC1C /* Badge.swift in Sources */ = {isa = PBXBuildFile; fileRef = AA7396A8270462DB00BFFC1C /* Badge.swift */; };
		AA7396AC2705595500BFFC1C /* hikeData.json in Resources */ = {isa = PBXBuildFile; fileRef = AA7396AB2705595500BFFC1C /* hikeData.json */; };
		AA7396AE2705597500BFFC1C /* Hike.swift in Sources */ = {isa = PBXBuildFile; fileRef = AA7396AD2705597500BFFC1C /* Hike.swift */; };
		AA7396B427055ACD00BFFC1C /* GraphCapsule.swift in Sources */ = {isa = PBXBuildFile; fileRef = AA7396B027055ACD00BFFC1C /* GraphCapsule.swift */; };
		AA7396B527055ACD00BFFC1C /* HikeGraph.swift in Sources */ = {isa = PBXBuildFile; fileRef = AA7396B127055ACD00BFFC1C /* HikeGraph.swift */; };
		AA7396B627055ACD00BFFC1C /* HikeDetail.swift in Sources */ = {isa = PBXBuildFile; fileRef = AA7396B227055ACD00BFFC1C /* HikeDetail.swift */; };
		AA7396B727055ACD00BFFC1C /* HikeView.swift in Sources */ = {isa = PBXBuildFile; fileRef = AA7396B327055ACD00BFFC1C /* HikeView.swift */; };
/* End PBXBuildFile section */

/* Begin PBXFileReference section */
		AA73967627031DCD00BFFC1C /* Landmarks.app */ = {isa = PBXFileReference; explicitFileType = wrapper.application; includeInIndex = 0; path = Landmarks.app; sourceTree = BUILT_PRODUCTS_DIR; };
		AA73967927031DCD00BFFC1C /* LandmarksApp.swift */ = {isa = PBXFileReference; lastKnownFileType = sourcecode.swift; path = LandmarksApp.swift; sourceTree = "<group>"; };
		AA73967B27031DCD00BFFC1C /* ContentView.swift */ = {isa = PBXFileReference; lastKnownFileType = sourcecode.swift; path = ContentView.swift; sourceTree = "<group>"; };
		AA73967D27031DCE00BFFC1C /* Assets.xcassets */ = {isa = PBXFileReference; lastKnownFileType = folder.assetcatalog; path = Assets.xcassets; sourceTree = "<group>"; };
		AA73968027031DCE00BFFC1C /* Preview Assets.xcassets */ = {isa = PBXFileReference; lastKnownFileType = folder.assetcatalog; path = "Preview Assets.xcassets"; sourceTree = "<group>"; };
		AA7396872703233B00BFFC1C /* CircleImage.swift */ = {isa = PBXFileReference; lastKnownFileType = sourcecode.swift; path = CircleImage.swift; sourceTree = "<group>"; };
		AA7396892703248500BFFC1C /* MapView.swift */ = {isa = PBXFileReference; lastKnownFileType = sourcecode.swift; path = MapView.swift; sourceTree = "<group>"; };
		AA73968B27032E7000BFFC1C /* landmarkData.json */ = {isa = PBXFileReference; fileEncoding = 4; lastKnownFileType = text.json; path = landmarkData.json; sourceTree = "<group>"; };
		AA73968D27032EA700BFFC1C /* Landmark.swift */ = {isa = PBXFileReference; lastKnownFileType = sourcecode.swift; path = Landmark.swift; sourceTree = "<group>"; };
		AA73968F270330A000BFFC1C /* ModelData.swift */ = {isa = PBXFileReference; lastKnownFileType = sourcecode.swift; path = ModelData.swift; sourceTree = "<group>"; };
		AA739694270346C700BFFC1C /* LandmarkRow.swift */ = {isa = PBXFileReference; lastKnownFileType = sourcecode.swift; path = LandmarkRow.swift; sourceTree = "<group>"; };
		AA739696270349E100BFFC1C /* LandmarkList.swift */ = {isa = PBXFileReference; lastKnownFileType = sourcecode.swift; path = LandmarkList.swift; sourceTree = "<group>"; };
		AA73969827034C6900BFFC1C /* LandmarkDetail.swift */ = {isa = PBXFileReference; lastKnownFileType = sourcecode.swift; path = LandmarkDetail.swift; sourceTree = "<group>"; };
		AA73969A270419F400BFFC1C /* FavoriteButton.swift */ = {isa = PBXFileReference; lastKnownFileType = sourcecode.swift; path = FavoriteButton.swift; sourceTree = "<group>"; };
		AA73969E2704590C00BFFC1C /* HexagonParameters.swift */ = {isa = PBXFileReference; lastKnownFileType = sourcecode.swift; path = HexagonParameters.swift; sourceTree = "<group>"; };
		AA7396A027045B4B00BFFC1C /* BadgeBackground.swift */ = {isa = PBXFileReference; lastKnownFileType = sourcecode.swift; path = BadgeBackground.swift; sourceTree = "<group>"; };
		AA7396A2270461C300BFFC1C /* BadgeSymbol.swift */ = {isa = PBXFileReference; lastKnownFileType = sourcecode.swift; path = BadgeSymbol.swift; sourceTree = "<group>"; };
		AA7396A62704626A00BFFC1C /* RotatedBadgeSymbol.swift */ = {isa = PBXFileReference; lastKnownFileType = sourcecode.swift; path = RotatedBadgeSymbol.swift; sourceTree = "<group>"; };
		AA7396A8270462DB00BFFC1C /* Badge.swift */ = {isa = PBXFileReference; lastKnownFileType = sourcecode.swift; path = Badge.swift; sourceTree = "<group>"; };
		AA7396AB2705595500BFFC1C /* hikeData.json */ = {isa = PBXFileReference; fileEncoding = 4; lastKnownFileType = text.json; path = hikeData.json; sourceTree = "<group>"; };
		AA7396AD2705597500BFFC1C /* Hike.swift */ = {isa = PBXFileReference; lastKnownFileType = sourcecode.swift; path = Hike.swift; sourceTree = "<group>"; };
		AA7396B027055ACD00BFFC1C /* GraphCapsule.swift */ = {isa = PBXFileReference; fileEncoding = 4; lastKnownFileType = sourcecode.swift; path = GraphCapsule.swift; sourceTree = "<group>"; };
		AA7396B127055ACD00BFFC1C /* HikeGraph.swift */ = {isa = PBXFileReference; fileEncoding = 4; lastKnownFileType = sourcecode.swift; path = HikeGraph.swift; sourceTree = "<group>"; };
		AA7396B227055ACD00BFFC1C /* HikeDetail.swift */ = {isa = PBXFileReference; fileEncoding = 4; lastKnownFileType = sourcecode.swift; path = HikeDetail.swift; sourceTree = "<group>"; };
		AA7396B327055ACD00BFFC1C /* HikeView.swift */ = {isa = PBXFileReference; fileEncoding = 4; lastKnownFileType = sourcecode.swift; path = HikeView.swift; sourceTree = "<group>"; };
/* End PBXFileReference section */

/* Begin PBXFrameworksBuildPhase section */
		AA73967327031DCD00BFFC1C /* Frameworks */ = {
			isa = PBXFrameworksBuildPhase;
			buildActionMask = 2147483647;
			files = (
			);
			runOnlyForDeploymentPostprocessing = 0;
		};
/* End PBXFrameworksBuildPhase section */

/* Begin PBXGroup section */
		AA73966D27031DCD00BFFC1C = {
			isa = PBXGroup;
			children = (
				AA73967827031DCD00BFFC1C /* Landmarks */,
				AA73967727031DCD00BFFC1C /* Products */,
			);
			sourceTree = "<group>";
		};
		AA73967727031DCD00BFFC1C /* Products */ = {
			isa = PBXGroup;
			children = (
				AA73967627031DCD00BFFC1C /* Landmarks.app */,
			);
			name = Products;
			sourceTree = "<group>";
		};
		AA73967827031DCD00BFFC1C /* Landmarks */ = {
			isa = PBXGroup;
			children = (
				AA73967927031DCD00BFFC1C /* LandmarksApp.swift */,
				AA7396932703469200BFFC1C /* Resources */,
				AA7396922703466D00BFFC1C /* Model */,
				AA7396912703464200BFFC1C /* Views */,
				AA73967D27031DCE00BFFC1C /* Assets.xcassets */,
				AA73967F27031DCE00BFFC1C /* Preview Content */,
			);
			path = Landmarks;
			sourceTree = "<group>";
		};
		AA73967F27031DCE00BFFC1C /* Preview Content */ = {
			isa = PBXGroup;
			children = (
				AA73968027031DCE00BFFC1C /* Preview Assets.xcassets */,
			);
			path = "Preview Content";
			sourceTree = "<group>";
		};
		AA7396912703464200BFFC1C /* Views */ = {
			isa = PBXGroup;
			children = (
				AA7396AF27055ACD00BFFC1C /* Hikes */,
				AA73967B27031DCD00BFFC1C /* ContentView.swift */,
				AA7396AA2704646700BFFC1C /* Badges */,
				AA73969D27041AC000BFFC1C /* Helpers */,
				AA73969C27041AA500BFFC1C /* Landmarks */,
			);
			path = Views;
			sourceTree = "<group>";
		};
		AA7396922703466D00BFFC1C /* Model */ = {
			isa = PBXGroup;
			children = (
				AA73968D27032EA700BFFC1C /* Landmark.swift */,
				AA73968F270330A000BFFC1C /* ModelData.swift */,
				AA7396AD2705597500BFFC1C /* Hike.swift */,
			);
			path = Model;
			sourceTree = "<group>";
		};
		AA7396932703469200BFFC1C /* Resources */ = {
			isa = PBXGroup;
			children = (
				AA7396AB2705595500BFFC1C /* hikeData.json */,
				AA73968B27032E7000BFFC1C /* landmarkData.json */,
			);
			path = Resources;
			sourceTree = "<group>";
		};
		AA73969C27041AA500BFFC1C /* Landmarks */ = {
			isa = PBXGroup;
			children = (
				AA739694270346C700BFFC1C /* LandmarkRow.swift */,
				AA739696270349E100BFFC1C /* LandmarkList.swift */,
				AA73969827034C6900BFFC1C /* LandmarkDetail.swift */,
			);
			path = Landmarks;
			sourceTree = "<group>";
		};
		AA73969D27041AC000BFFC1C /* Helpers */ = {
			isa = PBXGroup;
			children = (
				AA7396872703233B00BFFC1C /* CircleImage.swift */,
				AA7396892703248500BFFC1C /* MapView.swift */,
				AA73969A270419F400BFFC1C /* FavoriteButton.swift */,
			);
			path = Helpers;
			sourceTree = "<group>";
		};
		AA7396AA2704646700BFFC1C /* Badges */ = {
			isa = PBXGroup;
			children = (
				AA73969E2704590C00BFFC1C /* HexagonParameters.swift */,
				AA7396A027045B4B00BFFC1C /* BadgeBackground.swift */,
				AA7396A2270461C300BFFC1C /* BadgeSymbol.swift */,
				AA7396A62704626A00BFFC1C /* RotatedBadgeSymbol.swift */,
				AA7396A8270462DB00BFFC1C /* Badge.swift */,
			);
			path = Badges;
			sourceTree = "<group>";
		};
		AA7396AF27055ACD00BFFC1C /* Hikes */ = {
			isa = PBXGroup;
			children = (
				AA7396B027055ACD00BFFC1C /* GraphCapsule.swift */,
				AA7396B127055ACD00BFFC1C /* HikeGraph.swift */,
				AA7396B227055ACD00BFFC1C /* HikeDetail.swift */,
				AA7396B327055ACD00BFFC1C /* HikeView.swift */,
			);
			path = Hikes;
			sourceTree = "<group>";
		};
/* End PBXGroup section */

/* Begin PBXNativeTarget section */
		AA73967527031DCD00BFFC1C /* Landmarks */ = {
			isa = PBXNativeTarget;
			buildConfigurationList = AA73968427031DCE00BFFC1C /* Build configuration list for PBXNativeTarget "Landmarks" */;
			buildPhases = (
				AA73967227031DCD00BFFC1C /* Sources */,
				AA73967327031DCD00BFFC1C /* Frameworks */,
				AA73967427031DCD00BFFC1C /* Resources */,
			);
			buildRules = (
			);
			dependencies = (
			);
			name = Landmarks;
			productName = Landmarks;
			productReference = AA73967627031DCD00BFFC1C /* Landmarks.app */;
			productType = "com.apple.product-type.application";
		};
/* End PBXNativeTarget section */

/* Begin PBXProject section */
		AA73966E27031DCD00BFFC1C /* Project object */ = {
			isa = PBXProject;
			attributes = {
				BuildIndependentTargetsInParallel = 1;
				LastSwiftUpdateCheck = 1300;
				LastUpgradeCheck = 1300;
				TargetAttributes = {
					AA73967527031DCD00BFFC1C = {
						CreatedOnToolsVersion = 13.0;
					};
				};
			};
			buildConfigurationList = AA73967127031DCD00BFFC1C /* Build configuration list for PBXProject "Landmarks" */;
			compatibilityVersion = "Xcode 13.0";
			developmentRegion = en;
			hasScannedForEncodings = 0;
			knownRegions = (
				en,
				Base,
			);
			mainGroup = AA73966D27031DCD00BFFC1C;
			productRefGroup = AA73967727031DCD00BFFC1C /* Products */;
			projectDirPath = "";
			projectRoot = "";
			targets = (
				AA73967527031DCD00BFFC1C /* Landmarks */,
			);
		};
/* End PBXProject section */

/* Begin PBXResourcesBuildPhase section */
		AA73967427031DCD00BFFC1C /* Resources */ = {
			isa = PBXResourcesBuildPhase;
			buildActionMask = 2147483647;
			files = (
				AA7396AC2705595500BFFC1C /* hikeData.json in Resources */,
				AA73968127031DCE00BFFC1C /* Preview Assets.xcassets in Resources */,
				AA73967E27031DCE00BFFC1C /* Assets.xcassets in Resources */,
				AA73968C27032E7000BFFC1C /* landmarkData.json in Resources */,
			);
			runOnlyForDeploymentPostprocessing = 0;
		};
/* End PBXResourcesBuildPhase section */

/* Begin PBXSourcesBuildPhase section */
		AA73967227031DCD00BFFC1C /* Sources */ = {
			isa = PBXSourcesBuildPhase;
			buildActionMask = 2147483647;
			files = (
				AA73967C27031DCD00BFFC1C /* ContentView.swift in Sources */,
				AA7396B527055ACD00BFFC1C /* HikeGraph.swift in Sources */,
				AA7396A9270462DB00BFFC1C /* Badge.swift in Sources */,
				AA73968A2703248500BFFC1C /* MapView.swift in Sources */,
				AA7396B427055ACD00BFFC1C /* GraphCapsule.swift in Sources */,
				AA73967A27031DCD00BFFC1C /* LandmarksApp.swift in Sources */,
				AA73969B270419F400BFFC1C /* FavoriteButton.swift in Sources */,
				AA7396B627055ACD00BFFC1C /* HikeDetail.swift in Sources */,
				AA73969F2704590C00BFFC1C /* HexagonParameters.swift in Sources */,
				AA7396AE2705597500BFFC1C /* Hike.swift in Sources */,
				AA7396A72704626A00BFFC1C /* RotatedBadgeSymbol.swift in Sources */,
				AA7396A3270461C300BFFC1C /* BadgeSymbol.swift in Sources */,
				AA739697270349E100BFFC1C /* LandmarkList.swift in Sources */,
				AA7396B727055ACD00BFFC1C /* HikeView.swift in Sources */,
				AA73969927034C6900BFFC1C /* LandmarkDetail.swift in Sources */,
				AA7396A127045B4B00BFFC1C /* BadgeBackground.swift in Sources */,
				AA7396882703233B00BFFC1C /* CircleImage.swift in Sources */,
				AA73968E27032EA700BFFC1C /* Landmark.swift in Sources */,
				AA739695270346C700BFFC1C /* LandmarkRow.swift in Sources */,
				AA739690270330A000BFFC1C /* ModelData.swift in Sources */,
			);
			runOnlyForDeploymentPostprocessing = 0;
		};
/* End PBXSourcesBuildPhase section */

/* Begin XCBuildConfiguration section */
		AA73968227031DCE00BFFC1C /* Debug */ = {
			isa = XCBuildConfiguration;
			buildSettings = {
				ALWAYS_SEARCH_USER_PATHS = NO;
				CLANG_ANALYZER_NONNULL = YES;
				CLANG_ANALYZER_NUMBER_OBJECT_CONVERSION = YES_AGGRESSIVE;
				CLANG_CXX_LANGUAGE_STANDARD = "gnu++17";
				CLANG_CXX_LIBRARY = "libc++";
				CLANG_ENABLE_MODULES = YES;
				CLANG_ENABLE_OBJC_ARC = YES;
				CLANG_ENABLE_OBJC_WEAK = YES;
				CLANG_WARN_BLOCK_CAPTURE_AUTORELEASING = YES;
				CLANG_WARN_BOOL_CONVERSION = YES;
				CLANG_WARN_COMMA = YES;
				CLANG_WARN_CONSTANT_CONVERSION = YES;
				CLANG_WARN_DEPRECATED_OBJC_IMPLEMENTATIONS = YES;
				CLANG_WARN_DIRECT_OBJC_ISA_USAGE = YES_ERROR;
				CLANG_WARN_DOCUMENTATION_COMMENTS = YES;
				CLANG_WARN_EMPTY_BODY = YES;
				CLANG_WARN_ENUM_CONVERSION = YES;
				CLANG_WARN_INFINITE_RECURSION = YES;
				CLANG_WARN_INT_CONVERSION = YES;
				CLANG_WARN_NON_LITERAL_NULL_CONVERSION = YES;
				CLANG_WARN_OBJC_IMPLICIT_RETAIN_SELF = YES;
				CLANG_WARN_OBJC_LITERAL_CONVERSION = YES;
				CLANG_WARN_OBJC_ROOT_CLASS = YES_ERROR;
				CLANG_WARN_QUOTED_INCLUDE_IN_FRAMEWORK_HEADER = YES;
				CLANG_WARN_RANGE_LOOP_ANALYSIS = YES;
				CLANG_WARN_STRICT_PROTOTYPES = YES;
				CLANG_WARN_SUSPICIOUS_MOVE = YES;
				CLANG_WARN_UNGUARDED_AVAILABILITY = YES_AGGRESSIVE;
				CLANG_WARN_UNREACHABLE_CODE = YES;
				CLANG_WARN__DUPLICATE_METHOD_MATCH = YES;
				COPY_PHASE_STRIP = NO;
				DEBUG_INFORMATION_FORMAT = dwarf;
				ENABLE_STRICT_OBJC_MSGSEND = YES;
				ENABLE_TESTABILITY = YES;
				GCC_C_LANGUAGE_STANDARD = gnu11;
				GCC_DYNAMIC_NO_PIC = NO;
				GCC_NO_COMMON_BLOCKS = YES;
				GCC_OPTIMIZATION_LEVEL = 0;
				GCC_PREPROCESSOR_DEFINITIONS = (
					"DEBUG=1",
					"$(inherited)",
				);
				GCC_WARN_64_TO_32_BIT_CONVERSION = YES;
				GCC_WARN_ABOUT_RETURN_TYPE = YES_ERROR;
				GCC_WARN_UNDECLARED_SELECTOR = YES;
				GCC_WARN_UNINITIALIZED_AUTOS = YES_AGGRESSIVE;
				GCC_WARN_UNUSED_FUNCTION = YES;
				GCC_WARN_UNUSED_VARIABLE = YES;
				IPHONEOS_DEPLOYMENT_TARGET = 15.0;
				MTL_ENABLE_DEBUG_INFO = INCLUDE_SOURCE;
				MTL_FAST_MATH = YES;
				ONLY_ACTIVE_ARCH = YES;
				SDKROOT = iphoneos;
				SWIFT_ACTIVE_COMPILATION_CONDITIONS = DEBUG;
				SWIFT_OPTIMIZATION_LEVEL = "-Onone";
			};
			name = Debug;
		};
		AA73968327031DCE00BFFC1C /* Release */ = {
			isa = XCBuildConfiguration;
			buildSettings = {
				ALWAYS_SEARCH_USER_PATHS = NO;
				CLANG_ANALYZER_NONNULL = YES;
				CLANG_ANALYZER_NUMBER_OBJECT_CONVERSION = YES_AGGRESSIVE;
				CLANG_CXX_LANGUAGE_STANDARD = "gnu++17";
				CLANG_CXX_LIBRARY = "libc++";
				CLANG_ENABLE_MODULES = YES;
				CLANG_ENABLE_OBJC_ARC = YES;
				CLANG_ENABLE_OBJC_WEAK = YES;
				CLANG_WARN_BLOCK_CAPTURE_AUTORELEASING = YES;
				CLANG_WARN_BOOL_CONVERSION = YES;
				CLANG_WARN_COMMA = YES;
				CLANG_WARN_CONSTANT_CONVERSION = YES;
				CLANG_WARN_DEPRECATED_OBJC_IMPLEMENTATIONS = YES;
				CLANG_WARN_DIRECT_OBJC_ISA_USAGE = YES_ERROR;
				CLANG_WARN_DOCUMENTATION_COMMENTS = YES;
				CLANG_WARN_EMPTY_BODY = YES;
				CLANG_WARN_ENUM_CONVERSION = YES;
				CLANG_WARN_INFINITE_RECURSION = YES;
				CLANG_WARN_INT_CONVERSION = YES;
				CLANG_WARN_NON_LITERAL_NULL_CONVERSION = YES;
				CLANG_WARN_OBJC_IMPLICIT_RETAIN_SELF = YES;
				CLANG_WARN_OBJC_LITERAL_CONVERSION = YES;
				CLANG_WARN_OBJC_ROOT_CLASS = YES_ERROR;
				CLANG_WARN_QUOTED_INCLUDE_IN_FRAMEWORK_HEADER = YES;
				CLANG_WARN_RANGE_LOOP_ANALYSIS = YES;
				CLANG_WARN_STRICT_PROTOTYPES = YES;
				CLANG_WARN_SUSPICIOUS_MOVE = YES;
				CLANG_WARN_UNGUARDED_AVAILABILITY = YES_AGGRESSIVE;
				CLANG_WARN_UNREACHABLE_CODE = YES;
				CLANG_WARN__DUPLICATE_METHOD_MATCH = YES;
				COPY_PHASE_STRIP = NO;
				DEBUG_INFORMATION_FORMAT = "dwarf-with-dsym";
				ENABLE_NS_ASSERTIONS = NO;
				ENABLE_STRICT_OBJC_MSGSEND = YES;
				GCC_C_LANGUAGE_STANDARD = gnu11;
				GCC_NO_COMMON_BLOCKS = YES;
				GCC_WARN_64_TO_32_BIT_CONVERSION = YES;
				GCC_WARN_ABOUT_RETURN_TYPE = YES_ERROR;
				GCC_WARN_UNDECLARED_SELECTOR = YES;
				GCC_WARN_UNINITIALIZED_AUTOS = YES_AGGRESSIVE;
				GCC_WARN_UNUSED_FUNCTION = YES;
				GCC_WARN_UNUSED_VARIABLE = YES;
				IPHONEOS_DEPLOYMENT_TARGET = 15.0;
				MTL_ENABLE_DEBUG_INFO = NO;
				MTL_FAST_MATH = YES;
				SDKROOT = iphoneos;
				SWIFT_COMPILATION_MODE = wholemodule;
				SWIFT_OPTIMIZATION_LEVEL = "-O";
				VALIDATE_PRODUCT = YES;
			};
			name = Release;
		};
		AA73968527031DCE00BFFC1C /* Debug */ = {
			isa = XCBuildConfiguration;
			buildSettings = {
				ASSETCATALOG_COMPILER_APPICON_NAME = AppIcon;
				ASSETCATALOG_COMPILER_GLOBAL_ACCENT_COLOR_NAME = AccentColor;
				CODE_SIGN_STYLE = Automatic;
				CURRENT_PROJECT_VERSION = 1;
				DEVELOPMENT_ASSET_PATHS = "\"Landmarks/Preview Content\"";
				DEVELOPMENT_TEAM = 2UYV54B9WB;
				ENABLE_PREVIEWS = YES;
				GENERATE_INFOPLIST_FILE = YES;
				INFOPLIST_KEY_UIApplicationSceneManifest_Generation = YES;
				INFOPLIST_KEY_UIApplicationSupportsIndirectInputEvents = YES;
				INFOPLIST_KEY_UILaunchScreen_Generation = YES;
				INFOPLIST_KEY_UISupportedInterfaceOrientations_iPad = "UIInterfaceOrientationPortrait UIInterfaceOrientationPortraitUpsideDown UIInterfaceOrientationLandscapeLeft UIInterfaceOrientationLandscapeRight";
				INFOPLIST_KEY_UISupportedInterfaceOrientations_iPhone = "UIInterfaceOrientationPortrait UIInterfaceOrientationLandscapeLeft UIInterfaceOrientationLandscapeRight";
				IPHONEOS_DEPLOYMENT_TARGET = 14.0;
				LD_RUNPATH_SEARCH_PATHS = (
					"$(inherited)",
					"@executable_path/Frameworks",
				);
				MARKETING_VERSION = 1.0;
				PRODUCT_BUNDLE_IDENTIFIER = com.alaxhenry.Landmarks;
				PRODUCT_NAME = "$(TARGET_NAME)";
				SWIFT_EMIT_LOC_STRINGS = YES;
				SWIFT_VERSION = 5.0;
				TARGETED_DEVICE_FAMILY = "1,2";
			};
			name = Debug;
		};
		AA73968627031DCE00BFFC1C /* Release */ = {
			isa = XCBuildConfiguration;
			buildSettings = {
				ASSETCATALOG_COMPILER_APPICON_NAME = AppIcon;
				ASSETCATALOG_COMPILER_GLOBAL_ACCENT_COLOR_NAME = AccentColor;
				CODE_SIGN_STYLE = Automatic;
				CURRENT_PROJECT_VERSION = 1;
				DEVELOPMENT_ASSET_PATHS = "\"Landmarks/Preview Content\"";
				DEVELOPMENT_TEAM = 2UYV54B9WB;
				ENABLE_PREVIEWS = YES;
				GENERATE_INFOPLIST_FILE = YES;
				INFOPLIST_KEY_UIApplicationSceneManifest_Generation = YES;
				INFOPLIST_KEY_UIApplicationSupportsIndirectInputEvents = YES;
				INFOPLIST_KEY_UILaunchScreen_Generation = YES;
				INFOPLIST_KEY_UISupportedInterfaceOrientations_iPad = "UIInterfaceOrientationPortrait UIInterfaceOrientationPortraitUpsideDown UIInterfaceOrientationLandscapeLeft UIInterfaceOrientationLandscapeRight";
				INFOPLIST_KEY_UISupportedInterfaceOrientations_iPhone = "UIInterfaceOrientationPortrait UIInterfaceOrientationLandscapeLeft UIInterfaceOrientationLandscapeRight";
				IPHONEOS_DEPLOYMENT_TARGET = 14.0;
				LD_RUNPATH_SEARCH_PATHS = (
					"$(inherited)",
					"@executable_path/Frameworks",
				);
				MARKETING_VERSION = 1.0;
				PRODUCT_BUNDLE_IDENTIFIER = com.alaxhenry.Landmarks;
				PRODUCT_NAME = "$(TARGET_NAME)";
				SWIFT_EMIT_LOC_STRINGS = YES;
				SWIFT_VERSION = 5.0;
				TARGETED_DEVICE_FAMILY = "1,2";
			};
			name = Release;
		};
/* End XCBuildConfiguration section */

/* Begin XCConfigurationList section */
		AA73967127031DCD00BFFC1C /* Build configuration list for PBXProject "Landmarks" */ = {
			isa = XCConfigurationList;
			buildConfigurations = (
				AA73968227031DCE00BFFC1C /* Debug */,
				AA73968327031DCE00BFFC1C /* Release */,
			);
			defaultConfigurationIsVisible = 0;
			defaultConfigurationName = Release;
		};
		AA73968427031DCE00BFFC1C /* Build configuration list for PBXNativeTarget "Landmarks" */ = {
			isa = XCConfigurationList;
			buildConfigurations = (
				AA73968527031DCE00BFFC1C /* Debug */,
				AA73968627031DCE00BFFC1C /* Release */,
			);
			defaultConfigurationIsVisible = 0;
			defaultConfigurationName = Release;
		};
/* End XCConfigurationList section */
	};
	rootObject = AA73966E27031DCD00BFFC1C /* Project object */;
}
